
Microsoft Visual Studio Solution File, Format Version 12.00
# Visual Studio Version 17
VisualStudioVersion = 17.1.32407.343
MinimumVisualStudioVersion = 10.0.40219.1
Project("{9A19103F-16F7-4668-BE54-9A1E7A4F7556}") = "XrplNftTicketing.Api", "XrplNftTicketing.Api\XrplNftTicketing.Api.csproj", "{A5BF7183-3D11-4206-B7B4-F33FA76BA93D}"
EndProject
Project("{9A19103F-16F7-4668-BE54-9A1E7A4F7556}") = "XrplNftTicketing.Business", "XrplNftTicketing.Business\XrplNftTicketing.Business.csproj", "{8BAD14C2-2F96-4B26-AED5-29F413D47F9F}"
EndProject
Project("{9A19103F-16F7-4668-BE54-9A1E7A4F7556}") = "XrplNftTicketing.Entities", "XrplNftTicketingI.Entities\XrplNftTicketing.Entities.csproj", "{8CC153E6-E279-4FA3-8850-A9DEC0735A0E}"
EndProject
Global
	GlobalSection(SolutionConfigurationPlatforms) = preSolution
		Debug|Any CPU = Debug|Any CPU
		Release|Any CPU = Release|Any CPU
	EndGlobalSection
	GlobalSection(ProjectConfigurationPlatforms) = postSolution
		{A5BF7183-3D11-4206-B7B4-F33FA76BA93D}.Debug|Any CPU.ActiveCfg = Debug|Any CPU
		{A5BF7183-3D11-4206-B7B4-F33FA76BA93D}.Debug|Any CPU.Build.0 = Debug|Any CPU
		{A5BF7183-3D11-4206-B7B4-F33FA76BA93D}.Release|Any CPU.ActiveCfg = Release|Any CPU
		{A5BF7183-3D11-4206-B7B4-F33FA76BA93D}.Release|Any CPU.Build.0 = Release|Any CPU
		{8BAD14C2-2F96-4B26-AED5-29F413D47F9F}.Debug|Any CPU.ActiveCfg = Debug|Any CPU
		{8BAD14C2-2F96-4B26-AED5-29F413D47F9F}.Debug|Any CPU.Build.0 = Debug|Any CPU
		{8BAD14C2-2F96-4B26-AED5-29F413D47F9F}.Release|Any CPU.ActiveCfg = Release|Any CPU
		{8BAD14C2-2F96-4B26-AED5-29F413D47F9F}.Release|Any CPU.Build.0 = Release|Any CPU
		{8CC153E6-E279-4FA3-8850-A9DEC0735A0E}.Debug|Any CPU.ActiveCfg = Debug|Any CPU
		{8CC153E6-E279-4FA3-8850-A9DEC0735A0E}.Debug|Any CPU.Build.0 = Debug|Any CPU
		{8CC153E6-E279-4FA3-8850-A9DEC0735A0E}.Release|Any CPU.ActiveCfg = Release|Any CPU
		{8CC153E6-E279-4FA3-8850-A9DEC0735A0E}.Release|Any CPU.Build.0 = Release|Any CPU
	EndGlobalSection
	GlobalSection(SolutionProperties) = preSolution
		HideSolutionNode = FALSE
	EndGlobalSection
	GlobalSection(ExtensibilityGlobals) = postSolution
		SolutionGuid = {F0219DA5-6F36-4C8C-883E-65D78EC283A6}
	EndGlobalSection
EndGlobal
